
Microsoft Visual Studio Solution File, Format Version 12.00
# Visual Studio Version 17
VisualStudioVersion = 17.3.32922.545
MinimumVisualStudioVersion = 10.0.40219.1
Project("{9A19103F-16F7-4668-BE54-9A1E7A4F7556}") = "amaris-employees.Api", "amaris-employees.Api\amaris-employees.Api.csproj", "{5C919F41-E31D-463A-8A2B-B34F30D60378}"
EndProject
Project("{9A19103F-16F7-4668-BE54-9A1E7A4F7556}") = "amaris-employees.Api.Repository", "amaris-employees.Api.Repository\amaris-employees.Api.Repository.csproj", "{1360DDD5-D4E3-421E-9FFC-2A9BF48AF251}"
EndProject
Project("{9A19103F-16F7-4668-BE54-9A1E7A4F7556}") = "amaris-employees.Api.Business", "amaris-employees.Api.Business\amaris-employees.Api.Business.csproj", "{13328461-90EC-46ED-B921-A85A932AB1D0}"
EndProject
Project("{9A19103F-16F7-4668-BE54-9A1E7A4F7556}") = "amaris-employees.Api.Tests", "amaris-employees.Api.Tests\amaris-employees.Api.Tests.csproj", "{0C25542E-EC87-410A-9857-87ACFC48BC96}"
EndProject
Global
	GlobalSection(SolutionConfigurationPlatforms) = preSolution
		Debug|Any CPU = Debug|Any CPU
		Release|Any CPU = Release|Any CPU
	EndGlobalSection
	GlobalSection(ProjectConfigurationPlatforms) = postSolution
		{5C919F41-E31D-463A-8A2B-B34F30D60378}.Debug|Any CPU.ActiveCfg = Debug|Any CPU
		{5C919F41-E31D-463A-8A2B-B34F30D60378}.Debug|Any CPU.Build.0 = Debug|Any CPU
		{5C919F41-E31D-463A-8A2B-B34F30D60378}.Release|Any CPU.ActiveCfg = Release|Any CPU
		{5C919F41-E31D-463A-8A2B-B34F30D60378}.Release|Any CPU.Build.0 = Release|Any CPU
		{1360DDD5-D4E3-421E-9FFC-2A9BF48AF251}.Debug|Any CPU.ActiveCfg = Debug|Any CPU
		{1360DDD5-D4E3-421E-9FFC-2A9BF48AF251}.Debug|Any CPU.Build.0 = Debug|Any CPU
		{1360DDD5-D4E3-421E-9FFC-2A9BF48AF251}.Release|Any CPU.ActiveCfg = Release|Any CPU
		{1360DDD5-D4E3-421E-9FFC-2A9BF48AF251}.Release|Any CPU.Build.0 = Release|Any CPU
		{13328461-90EC-46ED-B921-A85A932AB1D0}.Debug|Any CPU.ActiveCfg = Debug|Any CPU
		{13328461-90EC-46ED-B921-A85A932AB1D0}.Debug|Any CPU.Build.0 = Debug|Any CPU
		{13328461-90EC-46ED-B921-A85A932AB1D0}.Release|Any CPU.ActiveCfg = Release|Any CPU
		{13328461-90EC-46ED-B921-A85A932AB1D0}.Release|Any CPU.Build.0 = Release|Any CPU
		{0C25542E-EC87-410A-9857-87ACFC48BC96}.Debug|Any CPU.ActiveCfg = Debug|Any CPU
		{0C25542E-EC87-410A-9857-87ACFC48BC96}.Debug|Any CPU.Build.0 = Debug|Any CPU
		{0C25542E-EC87-410A-9857-87ACFC48BC96}.Release|Any CPU.ActiveCfg = Release|Any CPU
		{0C25542E-EC87-410A-9857-87ACFC48BC96}.Release|Any CPU.Build.0 = Release|Any CPU
	EndGlobalSection
	GlobalSection(SolutionProperties) = preSolution
		HideSolutionNode = FALSE
	EndGlobalSection
	GlobalSection(ExtensibilityGlobals) = postSolution
		SolutionGuid = {778FF3E5-66A8-4656-A8AE-F6711DF65C42}
	EndGlobalSection
EndGlobal
